{
  "version": "4",
  "specifiers": {
    "jsr:@std/dotenv@0.225": "0.225.2"
  },
  "jsr": {
    "@std/dotenv@0.225.2": {
      "integrity": "e2025dce4de6c7bca21dece8baddd4262b09d5187217e231b033e088e0c4dd23"
    }
  },
  "remote": {
    "https://esm.sh/@js-temporal/polyfill@0.4.4/": "7b84fa832b22763869e2024bda3746956892883ac577a6f8c887f48ba4fc6cb5",
    "https://esm.sh/v135/@js-temporal/polyfill@0.4.4/denonext/polyfill.mjs": "80d73642d51cc1614ca1e44191589f21358e2f421011c9972c82194abce22386",
    "https://esm.sh/v135/jsbi@4.3.0/denonext/jsbi.mjs": "322cdb63f08384a92bd0c8a105b174e88e66852577e3b3c060d905cc17eb0896"
  },
  "workspace": {
    "dependencies": [
      "jsr:@std/dotenv@0.225"
    ]
  }
}
