{
  "version": "5",
  "specifiers": {
    "jsr:@std/dotenv@~0.225.5": "0.225.5",
    "npm:@js-temporal/polyfill@~0.5.1": "0.5.1"
  },
  "jsr": {
    "@std/dotenv@0.225.5": {
      "integrity": "9ce6f9d0ec3311f74a32535aa1b8c62ed88b1ab91b7f0815797d77a6f60c922f"
    }
  },
  "npm": {
    "@js-temporal/polyfill@0.5.1": {
      "integrity": "sha512-hloP58zRVCRSpgDxmqCWJNlizAlUgJFqG2ypq79DCvyv9tHjRYMDOcPFjzfl/A1/YxDvRCZz8wvZvmapQnKwFQ==",
      "dependencies": [
        "jsbi"
      ]
    },
    "jsbi@4.3.2": {
      "integrity": "sha512-9fqMSQbhJykSeii05nxKl4m6Eqn2P6rOlYiS+C5Dr/HPIU/7yZxu5qzbs40tgaFORiw2Amd0mirjxatXYMkIew=="
    }
  },
  "remote": {
    "https://cdn.skypack.dev/-/@js-temporal/polyfill@v0.4.4-s7vm07onMl94mN5NeZkC/dist=es2019,mode=imports/optimized/@js-temporal/polyfill.js": "2e59dd4424f2ee643eb440774f229c5f134fceaf14debe8a668c81986592f97f",
    "https://cdn.skypack.dev/-/jsbi@v4.3.0-kIZpnz2AdjvBEZ3y3wsD/dist=es2019,mode=imports/optimized/jsbi.js": "2c4509126fe051032b527ee90fda3c162880383476f40cf95fecc9c76f2ec9c0",
    "https://cdn.skypack.dev/@js-temporal/polyfill/?dts": "0e7ce6d9cd81f80270ffa1f9114b7e02328f43c4798de6913863da157dcfd6c6"
  },
  "workspace": {
    "dependencies": [
      "jsr:@std/dotenv@~0.225.5",
      "npm:@js-temporal/polyfill@~0.5.1"
    ]
  }
}
